// !$*UTF8*$!
{
	archiveVersion = 1;
	classes = {
	};
	objectVersion = 55;
	objects = {

/* Begin PBXBuildFile section */
		B91CD92128244C8300230F99 /* Caravan_v2App.swift in Sources */ = {isa = PBXBuildFile; fileRef = B91CD92028244C8300230F99 /* Caravan_v2App.swift */; };
		B91CD92328244C8300230F99 /* ContentView.swift in Sources */ = {isa = PBXBuildFile; fileRef = B91CD92228244C8300230F99 /* ContentView.swift */; };
		B91CD92528244C8400230F99 /* Assets.xcassets in Resources */ = {isa = PBXBuildFile; fileRef = B91CD92428244C8400230F99 /* Assets.xcassets */; };
		B91CD92828244C8400230F99 /* Preview Assets.xcassets in Resources */ = {isa = PBXBuildFile; fileRef = B91CD92728244C8400230F99 /* Preview Assets.xcassets */; };
		B91CD93228244C8400230F99 /* Caravan_v2Tests.swift in Sources */ = {isa = PBXBuildFile; fileRef = B91CD93128244C8400230F99 /* Caravan_v2Tests.swift */; };
		B91CD93C28244C8400230F99 /* Caravan_v2UITests.swift in Sources */ = {isa = PBXBuildFile; fileRef = B91CD93B28244C8400230F99 /* Caravan_v2UITests.swift */; };
		B91CD93E28244C8400230F99 /* Caravan_v2UITestsLaunchTests.swift in Sources */ = {isa = PBXBuildFile; fileRef = B91CD93D28244C8400230F99 /* Caravan_v2UITestsLaunchTests.swift */; };
		B91CD94D282A6E4700230F99 /* CustomTabBarView.swift in Sources */ = {isa = PBXBuildFile; fileRef = B91CD94C282A6E4700230F99 /* CustomTabBarView.swift */; };
		B91CD94F282D794700230F99 /* HomeView.swift in Sources */ = {isa = PBXBuildFile; fileRef = B91CD94E282D794700230F99 /* HomeView.swift */; };
		B91CD951282D798500230F99 /* BookView.swift in Sources */ = {isa = PBXBuildFile; fileRef = B91CD950282D798500230F99 /* BookView.swift */; };
		B91CD953282D79A000230F99 /* ProfileView.swift in Sources */ = {isa = PBXBuildFile; fileRef = B91CD952282D79A000230F99 /* ProfileView.swift */; };
		B91CD955282D79AE00230F99 /* StopWatchView.swift in Sources */ = {isa = PBXBuildFile; fileRef = B91CD954282D79AE00230F99 /* StopWatchView.swift */; };
		B91CD958282D7A6E00230F99 /* TabViewModel.swift in Sources */ = {isa = PBXBuildFile; fileRef = B91CD957282D7A6E00230F99 /* TabViewModel.swift */; };
		B91CD95B282E19B200230F99 /* FontStyle.swift in Sources */ = {isa = PBXBuildFile; fileRef = B91CD95A282E19B200230F99 /* FontStyle.swift */; };
/* End PBXBuildFile section */

/* Begin PBXContainerItemProxy section */
		B91CD92E28244C8400230F99 /* PBXContainerItemProxy */ = {
			isa = PBXContainerItemProxy;
			containerPortal = B91CD91528244C8300230F99 /* Project object */;
			proxyType = 1;
			remoteGlobalIDString = B91CD91C28244C8300230F99;
			remoteInfo = Caravan_v2;
		};
		B91CD93828244C8400230F99 /* PBXContainerItemProxy */ = {
			isa = PBXContainerItemProxy;
			containerPortal = B91CD91528244C8300230F99 /* Project object */;
			proxyType = 1;
			remoteGlobalIDString = B91CD91C28244C8300230F99;
			remoteInfo = Caravan_v2;
		};
/* End PBXContainerItemProxy section */

/* Begin PBXFileReference section */
		B91CD91D28244C8300230F99 /* Caravan_v2.app */ = {isa = PBXFileReference; explicitFileType = wrapper.application; includeInIndex = 0; path = Caravan_v2.app; sourceTree = BUILT_PRODUCTS_DIR; };
		B91CD92028244C8300230F99 /* Caravan_v2App.swift */ = {isa = PBXFileReference; lastKnownFileType = sourcecode.swift; path = Caravan_v2App.swift; sourceTree = "<group>"; };
		B91CD92228244C8300230F99 /* ContentView.swift */ = {isa = PBXFileReference; lastKnownFileType = sourcecode.swift; path = ContentView.swift; sourceTree = "<group>"; };
		B91CD92428244C8400230F99 /* Assets.xcassets */ = {isa = PBXFileReference; lastKnownFileType = folder.assetcatalog; path = Assets.xcassets; sourceTree = "<group>"; };
		B91CD92728244C8400230F99 /* Preview Assets.xcassets */ = {isa = PBXFileReference; lastKnownFileType = folder.assetcatalog; path = "Preview Assets.xcassets"; sourceTree = "<group>"; };
		B91CD92D28244C8400230F99 /* Caravan_v2Tests.xctest */ = {isa = PBXFileReference; explicitFileType = wrapper.cfbundle; includeInIndex = 0; path = Caravan_v2Tests.xctest; sourceTree = BUILT_PRODUCTS_DIR; };
		B91CD93128244C8400230F99 /* Caravan_v2Tests.swift */ = {isa = PBXFileReference; lastKnownFileType = sourcecode.swift; path = Caravan_v2Tests.swift; sourceTree = "<group>"; };
		B91CD93728244C8400230F99 /* Caravan_v2UITests.xctest */ = {isa = PBXFileReference; explicitFileType = wrapper.cfbundle; includeInIndex = 0; path = Caravan_v2UITests.xctest; sourceTree = BUILT_PRODUCTS_DIR; };
		B91CD93B28244C8400230F99 /* Caravan_v2UITests.swift */ = {isa = PBXFileReference; lastKnownFileType = sourcecode.swift; path = Caravan_v2UITests.swift; sourceTree = "<group>"; };
		B91CD93D28244C8400230F99 /* Caravan_v2UITestsLaunchTests.swift */ = {isa = PBXFileReference; lastKnownFileType = sourcecode.swift; path = Caravan_v2UITestsLaunchTests.swift; sourceTree = "<group>"; };
		B91CD94C282A6E4700230F99 /* CustomTabBarView.swift */ = {isa = PBXFileReference; lastKnownFileType = sourcecode.swift; path = CustomTabBarView.swift; sourceTree = "<group>"; };
		B91CD94E282D794700230F99 /* HomeView.swift */ = {isa = PBXFileReference; lastKnownFileType = sourcecode.swift; path = HomeView.swift; sourceTree = "<group>"; };
		B91CD950282D798500230F99 /* BookView.swift */ = {isa = PBXFileReference; lastKnownFileType = sourcecode.swift; path = BookView.swift; sourceTree = "<group>"; };
		B91CD952282D79A000230F99 /* ProfileView.swift */ = {isa = PBXFileReference; lastKnownFileType = sourcecode.swift; path = ProfileView.swift; sourceTree = "<group>"; };
		B91CD954282D79AE00230F99 /* StopWatchView.swift */ = {isa = PBXFileReference; lastKnownFileType = sourcecode.swift; path = StopWatchView.swift; sourceTree = "<group>"; };
		B91CD957282D7A6E00230F99 /* TabViewModel.swift */ = {isa = PBXFileReference; lastKnownFileType = sourcecode.swift; path = TabViewModel.swift; sourceTree = "<group>"; };
		B91CD95A282E19B200230F99 /* FontStyle.swift */ = {isa = PBXFileReference; lastKnownFileType = sourcecode.swift; path = FontStyle.swift; sourceTree = "<group>"; };
/* End PBXFileReference section */

/* Begin PBXFrameworksBuildPhase section */
		B91CD91A28244C8300230F99 /* Frameworks */ = {
			isa = PBXFrameworksBuildPhase;
			buildActionMask = 2147483647;
			files = (
			);
			runOnlyForDeploymentPostprocessing = 0;
		};
		B91CD92A28244C8400230F99 /* Frameworks */ = {
			isa = PBXFrameworksBuildPhase;
			buildActionMask = 2147483647;
			files = (
			);
			runOnlyForDeploymentPostprocessing = 0;
		};
		B91CD93428244C8400230F99 /* Frameworks */ = {
			isa = PBXFrameworksBuildPhase;
			buildActionMask = 2147483647;
			files = (
			);
			runOnlyForDeploymentPostprocessing = 0;
		};
/* End PBXFrameworksBuildPhase section */

/* Begin PBXGroup section */
		B91CD91428244C8300230F99 = {
			isa = PBXGroup;
			children = (
				B91CD91F28244C8300230F99 /* Caravan_v2 */,
				B91CD93028244C8400230F99 /* Caravan_v2Tests */,
				B91CD93A28244C8400230F99 /* Caravan_v2UITests */,
				B91CD91E28244C8300230F99 /* Products */,
			);
			sourceTree = "<group>";
		};
		B91CD91E28244C8300230F99 /* Products */ = {
			isa = PBXGroup;
			children = (
				B91CD91D28244C8300230F99 /* Caravan_v2.app */,
				B91CD92D28244C8400230F99 /* Caravan_v2Tests.xctest */,
				B91CD93728244C8400230F99 /* Caravan_v2UITests.xctest */,
			);
			name = Products;
			sourceTree = "<group>";
		};
		B91CD91F28244C8300230F99 /* Caravan_v2 */ = {
			isa = PBXGroup;
			children = (
				B91CD959282E199C00230F99 /* Style */,
				B91CD956282D7A5500230F99 /* Model */,
				B91CD94A282A6DEA00230F99 /* View */,
				B91CD92028244C8300230F99 /* Caravan_v2App.swift */,
				B91CD92228244C8300230F99 /* ContentView.swift */,
				B91CD92428244C8400230F99 /* Assets.xcassets */,
				B91CD92628244C8400230F99 /* Preview Content */,
			);
			path = Caravan_v2;
			sourceTree = "<group>";
		};
		B91CD92628244C8400230F99 /* Preview Content */ = {
			isa = PBXGroup;
			children = (
				B91CD92728244C8400230F99 /* Preview Assets.xcassets */,
			);
			path = "Preview Content";
			sourceTree = "<group>";
		};
		B91CD93028244C8400230F99 /* Caravan_v2Tests */ = {
			isa = PBXGroup;
			children = (
				B91CD93128244C8400230F99 /* Caravan_v2Tests.swift */,
			);
			path = Caravan_v2Tests;
			sourceTree = "<group>";
		};
		B91CD93A28244C8400230F99 /* Caravan_v2UITests */ = {
			isa = PBXGroup;
			children = (
				B91CD93B28244C8400230F99 /* Caravan_v2UITests.swift */,
				B91CD93D28244C8400230F99 /* Caravan_v2UITestsLaunchTests.swift */,
			);
			path = Caravan_v2UITests;
			sourceTree = "<group>";
		};
		B91CD94A282A6DEA00230F99 /* View */ = {
			isa = PBXGroup;
			children = (
				B91CD94C282A6E4700230F99 /* CustomTabBarView.swift */,
				B91CD94B282A6DF800230F99 /* TabView */,
			);
			path = View;
			sourceTree = "<group>";
		};
		B91CD94B282A6DF800230F99 /* TabView */ = {
			isa = PBXGroup;
			children = (
				B91CD94E282D794700230F99 /* HomeView.swift */,
				B91CD954282D79AE00230F99 /* StopWatchView.swift */,
				B91CD950282D798500230F99 /* BookView.swift */,
				B91CD952282D79A000230F99 /* ProfileView.swift */,
			);
			path = TabView;
			sourceTree = "<group>";
		};
		B91CD956282D7A5500230F99 /* Model */ = {
			isa = PBXGroup;
			children = (
				B91CD957282D7A6E00230F99 /* TabViewModel.swift */,
			);
			path = Model;
			sourceTree = "<group>";
		};
		B91CD959282E199C00230F99 /* Style */ = {
			isa = PBXGroup;
			children = (
				B91CD95A282E19B200230F99 /* FontStyle.swift */,
			);
			path = Style;
			sourceTree = "<group>";
		};
/* End PBXGroup section */

/* Begin PBXNativeTarget section */
		B91CD91C28244C8300230F99 /* Caravan_v2 */ = {
			isa = PBXNativeTarget;
			buildConfigurationList = B91CD94128244C8400230F99 /* Build configuration list for PBXNativeTarget "Caravan_v2" */;
			buildPhases = (
				B91CD91928244C8300230F99 /* Sources */,
				B91CD91A28244C8300230F99 /* Frameworks */,
				B91CD91B28244C8300230F99 /* Resources */,
			);
			buildRules = (
			);
			dependencies = (
			);
			name = Caravan_v2;
			productName = Caravan_v2;
			productReference = B91CD91D28244C8300230F99 /* Caravan_v2.app */;
			productType = "com.apple.product-type.application";
		};
		B91CD92C28244C8400230F99 /* Caravan_v2Tests */ = {
			isa = PBXNativeTarget;
			buildConfigurationList = B91CD94428244C8400230F99 /* Build configuration list for PBXNativeTarget "Caravan_v2Tests" */;
			buildPhases = (
				B91CD92928244C8400230F99 /* Sources */,
				B91CD92A28244C8400230F99 /* Frameworks */,
				B91CD92B28244C8400230F99 /* Resources */,
			);
			buildRules = (
			);
			dependencies = (
				B91CD92F28244C8400230F99 /* PBXTargetDependency */,
			);
			name = Caravan_v2Tests;
			productName = Caravan_v2Tests;
			productReference = B91CD92D28244C8400230F99 /* Caravan_v2Tests.xctest */;
			productType = "com.apple.product-type.bundle.unit-test";
		};
		B91CD93628244C8400230F99 /* Caravan_v2UITests */ = {
			isa = PBXNativeTarget;
			buildConfigurationList = B91CD94728244C8400230F99 /* Build configuration list for PBXNativeTarget "Caravan_v2UITests" */;
			buildPhases = (
				B91CD93328244C8400230F99 /* Sources */,
				B91CD93428244C8400230F99 /* Frameworks */,
				B91CD93528244C8400230F99 /* Resources */,
			);
			buildRules = (
			);
			dependencies = (
				B91CD93928244C8400230F99 /* PBXTargetDependency */,
			);
			name = Caravan_v2UITests;
			productName = Caravan_v2UITests;
			productReference = B91CD93728244C8400230F99 /* Caravan_v2UITests.xctest */;
			productType = "com.apple.product-type.bundle.ui-testing";
		};
/* End PBXNativeTarget section */

/* Begin PBXProject section */
		B91CD91528244C8300230F99 /* Project object */ = {
			isa = PBXProject;
			attributes = {
				BuildIndependentTargetsInParallel = 1;
				LastSwiftUpdateCheck = 1330;
				LastUpgradeCheck = 1330;
				TargetAttributes = {
					B91CD91C28244C8300230F99 = {
						CreatedOnToolsVersion = 13.3;
					};
					B91CD92C28244C8400230F99 = {
						CreatedOnToolsVersion = 13.3;
						TestTargetID = B91CD91C28244C8300230F99;
					};
					B91CD93628244C8400230F99 = {
						CreatedOnToolsVersion = 13.3;
						TestTargetID = B91CD91C28244C8300230F99;
					};
				};
			};
			buildConfigurationList = B91CD91828244C8300230F99 /* Build configuration list for PBXProject "Caravan_v2" */;
			compatibilityVersion = "Xcode 13.0";
			developmentRegion = en;
			hasScannedForEncodings = 0;
			knownRegions = (
				en,
				Base,
			);
			mainGroup = B91CD91428244C8300230F99;
			productRefGroup = B91CD91E28244C8300230F99 /* Products */;
			projectDirPath = "";
			projectRoot = "";
			targets = (
				B91CD91C28244C8300230F99 /* Caravan_v2 */,
				B91CD92C28244C8400230F99 /* Caravan_v2Tests */,
				B91CD93628244C8400230F99 /* Caravan_v2UITests */,
			);
		};
/* End PBXProject section */

/* Begin PBXResourcesBuildPhase section */
		B91CD91B28244C8300230F99 /* Resources */ = {
			isa = PBXResourcesBuildPhase;
			buildActionMask = 2147483647;
			files = (
				B91CD92828244C8400230F99 /* Preview Assets.xcassets in Resources */,
				B91CD92528244C8400230F99 /* Assets.xcassets in Resources */,
			);
			runOnlyForDeploymentPostprocessing = 0;
		};
		B91CD92B28244C8400230F99 /* Resources */ = {
			isa = PBXResourcesBuildPhase;
			buildActionMask = 2147483647;
			files = (
			);
			runOnlyForDeploymentPostprocessing = 0;
		};
		B91CD93528244C8400230F99 /* Resources */ = {
			isa = PBXResourcesBuildPhase;
			buildActionMask = 2147483647;
			files = (
			);
			runOnlyForDeploymentPostprocessing = 0;
		};
/* End PBXResourcesBuildPhase section */

/* Begin PBXSourcesBuildPhase section */
		B91CD91928244C8300230F99 /* Sources */ = {
			isa = PBXSourcesBuildPhase;
			buildActionMask = 2147483647;
			files = (
				B91CD958282D7A6E00230F99 /* TabViewModel.swift in Sources */,
				B91CD94D282A6E4700230F99 /* CustomTabBarView.swift in Sources */,
				B91CD95B282E19B200230F99 /* FontStyle.swift in Sources */,
				B91CD94F282D794700230F99 /* HomeView.swift in Sources */,
				B91CD92328244C8300230F99 /* ContentView.swift in Sources */,
				B91CD955282D79AE00230F99 /* StopWatchView.swift in Sources */,
				B91CD92128244C8300230F99 /* Caravan_v2App.swift in Sources */,
				B91CD953282D79A000230F99 /* ProfileView.swift in Sources */,
				B91CD951282D798500230F99 /* BookView.swift in Sources */,
			);
			runOnlyForDeploymentPostprocessing = 0;
		};
		B91CD92928244C8400230F99 /* Sources */ = {
			isa = PBXSourcesBuildPhase;
			buildActionMask = 2147483647;
			files = (
				B91CD93228244C8400230F99 /* Caravan_v2Tests.swift in Sources */,
			);
			runOnlyForDeploymentPostprocessing = 0;
		};
		B91CD93328244C8400230F99 /* Sources */ = {
			isa = PBXSourcesBuildPhase;
			buildActionMask = 2147483647;
			files = (
				B91CD93C28244C8400230F99 /* Caravan_v2UITests.swift in Sources */,
				B91CD93E28244C8400230F99 /* Caravan_v2UITestsLaunchTests.swift in Sources */,
			);
			runOnlyForDeploymentPostprocessing = 0;
		};
/* End PBXSourcesBuildPhase section */

/* Begin PBXTargetDependency section */
		B91CD92F28244C8400230F99 /* PBXTargetDependency */ = {
			isa = PBXTargetDependency;
			target = B91CD91C28244C8300230F99 /* Caravan_v2 */;
			targetProxy = B91CD92E28244C8400230F99 /* PBXContainerItemProxy */;
		};
		B91CD93928244C8400230F99 /* PBXTargetDependency */ = {
			isa = PBXTargetDependency;
			target = B91CD91C28244C8300230F99 /* Caravan_v2 */;
			targetProxy = B91CD93828244C8400230F99 /* PBXContainerItemProxy */;
		};
/* End PBXTargetDependency section */

/* Begin XCBuildConfiguration section */
		B91CD93F28244C8400230F99 /* Debug */ = {
			isa = XCBuildConfiguration;
			buildSettings = {
				ALWAYS_SEARCH_USER_PATHS = NO;
				CLANG_ANALYZER_NONNULL = YES;
				CLANG_ANALYZER_NUMBER_OBJECT_CONVERSION = YES_AGGRESSIVE;
				CLANG_CXX_LANGUAGE_STANDARD = "gnu++17";
				CLANG_ENABLE_MODULES = YES;
				CLANG_ENABLE_OBJC_ARC = YES;
				CLANG_ENABLE_OBJC_WEAK = YES;
				CLANG_WARN_BLOCK_CAPTURE_AUTORELEASING = YES;
				CLANG_WARN_BOOL_CONVERSION = YES;
				CLANG_WARN_COMMA = YES;
				CLANG_WARN_CONSTANT_CONVERSION = YES;
				CLANG_WARN_DEPRECATED_OBJC_IMPLEMENTATIONS = YES;
				CLANG_WARN_DIRECT_OBJC_ISA_USAGE = YES_ERROR;
				CLANG_WARN_DOCUMENTATION_COMMENTS = YES;
				CLANG_WARN_EMPTY_BODY = YES;
				CLANG_WARN_ENUM_CONVERSION = YES;
				CLANG_WARN_INFINITE_RECURSION = YES;
				CLANG_WARN_INT_CONVERSION = YES;
				CLANG_WARN_NON_LITERAL_NULL_CONVERSION = YES;
				CLANG_WARN_OBJC_IMPLICIT_RETAIN_SELF = YES;
				CLANG_WARN_OBJC_LITERAL_CONVERSION = YES;
				CLANG_WARN_OBJC_ROOT_CLASS = YES_ERROR;
				CLANG_WARN_QUOTED_INCLUDE_IN_FRAMEWORK_HEADER = YES;
				CLANG_WARN_RANGE_LOOP_ANALYSIS = YES;
				CLANG_WARN_STRICT_PROTOTYPES = YES;
				CLANG_WARN_SUSPICIOUS_MOVE = YES;
				CLANG_WARN_UNGUARDED_AVAILABILITY = YES_AGGRESSIVE;
				CLANG_WARN_UNREACHABLE_CODE = YES;
				CLANG_WARN__DUPLICATE_METHOD_MATCH = YES;
				COPY_PHASE_STRIP = NO;
				DEBUG_INFORMATION_FORMAT = dwarf;
				ENABLE_STRICT_OBJC_MSGSEND = YES;
				ENABLE_TESTABILITY = YES;
				GCC_C_LANGUAGE_STANDARD = gnu11;
				GCC_DYNAMIC_NO_PIC = NO;
				GCC_NO_COMMON_BLOCKS = YES;
				GCC_OPTIMIZATION_LEVEL = 0;
				GCC_PREPROCESSOR_DEFINITIONS = (
					"DEBUG=1",
					"$(inherited)",
				);
				GCC_WARN_64_TO_32_BIT_CONVERSION = YES;
				GCC_WARN_ABOUT_RETURN_TYPE = YES_ERROR;
				GCC_WARN_UNDECLARED_SELECTOR = YES;
				GCC_WARN_UNINITIALIZED_AUTOS = YES_AGGRESSIVE;
				GCC_WARN_UNUSED_FUNCTION = YES;
				GCC_WARN_UNUSED_VARIABLE = YES;
				IPHONEOS_DEPLOYMENT_TARGET = 15.4;
				MTL_ENABLE_DEBUG_INFO = INCLUDE_SOURCE;
				MTL_FAST_MATH = YES;
				ONLY_ACTIVE_ARCH = YES;
				SDKROOT = iphoneos;
				SWIFT_ACTIVE_COMPILATION_CONDITIONS = DEBUG;
				SWIFT_OPTIMIZATION_LEVEL = "-Onone";
			};
			name = Debug;
		};
		B91CD94028244C8400230F99 /* Release */ = {
			isa = XCBuildConfiguration;
			buildSettings = {
				ALWAYS_SEARCH_USER_PATHS = NO;
				CLANG_ANALYZER_NONNULL = YES;
				CLANG_ANALYZER_NUMBER_OBJECT_CONVERSION = YES_AGGRESSIVE;
				CLANG_CXX_LANGUAGE_STANDARD = "gnu++17";
				CLANG_ENABLE_MODULES = YES;
				CLANG_ENABLE_OBJC_ARC = YES;
				CLANG_ENABLE_OBJC_WEAK = YES;
				CLANG_WARN_BLOCK_CAPTURE_AUTORELEASING = YES;
				CLANG_WARN_BOOL_CONVERSION = YES;
				CLANG_WARN_COMMA = YES;
				CLANG_WARN_CONSTANT_CONVERSION = YES;
				CLANG_WARN_DEPRECATED_OBJC_IMPLEMENTATIONS = YES;
				CLANG_WARN_DIRECT_OBJC_ISA_USAGE = YES_ERROR;
				CLANG_WARN_DOCUMENTATION_COMMENTS = YES;
				CLANG_WARN_EMPTY_BODY = YES;
				CLANG_WARN_ENUM_CONVERSION = YES;
				CLANG_WARN_INFINITE_RECURSION = YES;
				CLANG_WARN_INT_CONVERSION = YES;
				CLANG_WARN_NON_LITERAL_NULL_CONVERSION = YES;
				CLANG_WARN_OBJC_IMPLICIT_RETAIN_SELF = YES;
				CLANG_WARN_OBJC_LITERAL_CONVERSION = YES;
				CLANG_WARN_OBJC_ROOT_CLASS = YES_ERROR;
				CLANG_WARN_QUOTED_INCLUDE_IN_FRAMEWORK_HEADER = YES;
				CLANG_WARN_RANGE_LOOP_ANALYSIS = YES;
				CLANG_WARN_STRICT_PROTOTYPES = YES;
				CLANG_WARN_SUSPICIOUS_MOVE = YES;
				CLANG_WARN_UNGUARDED_AVAILABILITY = YES_AGGRESSIVE;
				CLANG_WARN_UNREACHABLE_CODE = YES;
				CLANG_WARN__DUPLICATE_METHOD_MATCH = YES;
				COPY_PHASE_STRIP = NO;
				DEBUG_INFORMATION_FORMAT = "dwarf-with-dsym";
				ENABLE_NS_ASSERTIONS = NO;
				ENABLE_STRICT_OBJC_MSGSEND = YES;
				GCC_C_LANGUAGE_STANDARD = gnu11;
				GCC_NO_COMMON_BLOCKS = YES;
				GCC_WARN_64_TO_32_BIT_CONVERSION = YES;
				GCC_WARN_ABOUT_RETURN_TYPE = YES_ERROR;
				GCC_WARN_UNDECLARED_SELECTOR = YES;
				GCC_WARN_UNINITIALIZED_AUTOS = YES_AGGRESSIVE;
				GCC_WARN_UNUSED_FUNCTION = YES;
				GCC_WARN_UNUSED_VARIABLE = YES;
				IPHONEOS_DEPLOYMENT_TARGET = 15.4;
				MTL_ENABLE_DEBUG_INFO = NO;
				MTL_FAST_MATH = YES;
				SDKROOT = iphoneos;
				SWIFT_COMPILATION_MODE = wholemodule;
				SWIFT_OPTIMIZATION_LEVEL = "-O";
				VALIDATE_PRODUCT = YES;
			};
			name = Release;
		};
		B91CD94228244C8400230F99 /* Debug */ = {
			isa = XCBuildConfiguration;
			buildSettings = {
				ASSETCATALOG_COMPILER_APPICON_NAME = AppIcon;
				ASSETCATALOG_COMPILER_GLOBAL_ACCENT_COLOR_NAME = AccentColor;
				CODE_SIGN_STYLE = Automatic;
				CURRENT_PROJECT_VERSION = 1;
				DEVELOPMENT_ASSET_PATHS = "\"Caravan_v2/Preview Content\"";
				DEVELOPMENT_TEAM = 3PFDRPLY6N;
				ENABLE_PREVIEWS = YES;
				GENERATE_INFOPLIST_FILE = YES;
				INFOPLIST_KEY_UIApplicationSceneManifest_Generation = YES;
				INFOPLIST_KEY_UIApplicationSupportsIndirectInputEvents = YES;
				INFOPLIST_KEY_UILaunchScreen_Generation = YES;
				INFOPLIST_KEY_UISupportedInterfaceOrientations_iPad = "UIInterfaceOrientationPortrait UIInterfaceOrientationPortraitUpsideDown UIInterfaceOrientationLandscapeLeft UIInterfaceOrientationLandscapeRight";
				INFOPLIST_KEY_UISupportedInterfaceOrientations_iPhone = "UIInterfaceOrientationPortrait UIInterfaceOrientationLandscapeLeft UIInterfaceOrientationLandscapeRight";
				LD_RUNPATH_SEARCH_PATHS = (
					"$(inherited)",
					"@executable_path/Frameworks",
				);
				MARKETING_VERSION = 1.0;
				PRODUCT_BUNDLE_IDENTIFIER = "com.jeejung22.Caravan-v2";
				PRODUCT_NAME = "$(TARGET_NAME)";
				SWIFT_EMIT_LOC_STRINGS = YES;
				SWIFT_VERSION = 5.0;
				TARGETED_DEVICE_FAMILY = "1,2";
			};
			name = Debug;
		};
		B91CD94328244C8400230F99 /* Release */ = {
			isa = XCBuildConfiguration;
			buildSettings = {
				ASSETCATALOG_COMPILER_APPICON_NAME = AppIcon;
				ASSETCATALOG_COMPILER_GLOBAL_ACCENT_COLOR_NAME = AccentColor;
				CODE_SIGN_STYLE = Automatic;
				CURRENT_PROJECT_VERSION = 1;
				DEVELOPMENT_ASSET_PATHS = "\"Caravan_v2/Preview Content\"";
				DEVELOPMENT_TEAM = 3PFDRPLY6N;
				ENABLE_PREVIEWS = YES;
				GENERATE_INFOPLIST_FILE = YES;
				INFOPLIST_KEY_UIApplicationSceneManifest_Generation = YES;
				INFOPLIST_KEY_UIApplicationSupportsIndirectInputEvents = YES;
				INFOPLIST_KEY_UILaunchScreen_Generation = YES;
				INFOPLIST_KEY_UISupportedInterfaceOrientations_iPad = "UIInterfaceOrientationPortrait UIInterfaceOrientationPortraitUpsideDown UIInterfaceOrientationLandscapeLeft UIInterfaceOrientationLandscapeRight";
				INFOPLIST_KEY_UISupportedInterfaceOrientations_iPhone = "UIInterfaceOrientationPortrait UIInterfaceOrientationLandscapeLeft UIInterfaceOrientationLandscapeRight";
				LD_RUNPATH_SEARCH_PATHS = (
					"$(inherited)",
					"@executable_path/Frameworks",
				);
				MARKETING_VERSION = 1.0;
				PRODUCT_BUNDLE_IDENTIFIER = "com.jeejung22.Caravan-v2";
				PRODUCT_NAME = "$(TARGET_NAME)";
				SWIFT_EMIT_LOC_STRINGS = YES;
				SWIFT_VERSION = 5.0;
				TARGETED_DEVICE_FAMILY = "1,2";
			};
			name = Release;
		};
		B91CD94528244C8400230F99 /* Debug */ = {
			isa = XCBuildConfiguration;
			buildSettings = {
				ALWAYS_EMBED_SWIFT_STANDARD_LIBRARIES = YES;
				BUNDLE_LOADER = "$(TEST_HOST)";
				CODE_SIGN_STYLE = Automatic;
				CURRENT_PROJECT_VERSION = 1;
				DEVELOPMENT_TEAM = 3PFDRPLY6N;
				GENERATE_INFOPLIST_FILE = YES;
				IPHONEOS_DEPLOYMENT_TARGET = 15.4;
				MARKETING_VERSION = 1.0;
				PRODUCT_BUNDLE_IDENTIFIER = "com.jeejung22.Caravan-v2Tests";
				PRODUCT_NAME = "$(TARGET_NAME)";
				SWIFT_EMIT_LOC_STRINGS = NO;
				SWIFT_VERSION = 5.0;
				TARGETED_DEVICE_FAMILY = "1,2";
				TEST_HOST = "$(BUILT_PRODUCTS_DIR)/Caravan_v2.app/Caravan_v2";
			};
			name = Debug;
		};
		B91CD94628244C8400230F99 /* Release */ = {
			isa = XCBuildConfiguration;
			buildSettings = {
				ALWAYS_EMBED_SWIFT_STANDARD_LIBRARIES = YES;
				BUNDLE_LOADER = "$(TEST_HOST)";
				CODE_SIGN_STYLE = Automatic;
				CURRENT_PROJECT_VERSION = 1;
				DEVELOPMENT_TEAM = 3PFDRPLY6N;
				GENERATE_INFOPLIST_FILE = YES;
				IPHONEOS_DEPLOYMENT_TARGET = 15.4;
				MARKETING_VERSION = 1.0;
				PRODUCT_BUNDLE_IDENTIFIER = "com.jeejung22.Caravan-v2Tests";
				PRODUCT_NAME = "$(TARGET_NAME)";
				SWIFT_EMIT_LOC_STRINGS = NO;
				SWIFT_VERSION = 5.0;
				TARGETED_DEVICE_FAMILY = "1,2";
				TEST_HOST = "$(BUILT_PRODUCTS_DIR)/Caravan_v2.app/Caravan_v2";
			};
			name = Release;
		};
		B91CD94828244C8400230F99 /* Debug */ = {
			isa = XCBuildConfiguration;
			buildSettings = {
				ALWAYS_EMBED_SWIFT_STANDARD_LIBRARIES = YES;
				CODE_SIGN_STYLE = Automatic;
				CURRENT_PROJECT_VERSION = 1;
				DEVELOPMENT_TEAM = 3PFDRPLY6N;
				GENERATE_INFOPLIST_FILE = YES;
				MARKETING_VERSION = 1.0;
				PRODUCT_BUNDLE_IDENTIFIER = "com.jeejung22.Caravan-v2UITests";
				PRODUCT_NAME = "$(TARGET_NAME)";
				SWIFT_EMIT_LOC_STRINGS = NO;
				SWIFT_VERSION = 5.0;
				TARGETED_DEVICE_FAMILY = "1,2";
				TEST_TARGET_NAME = Caravan_v2;
			};
			name = Debug;
		};
		B91CD94928244C8400230F99 /* Release */ = {
			isa = XCBuildConfiguration;
			buildSettings = {
				ALWAYS_EMBED_SWIFT_STANDARD_LIBRARIES = YES;
				CODE_SIGN_STYLE = Automatic;
				CURRENT_PROJECT_VERSION = 1;
				DEVELOPMENT_TEAM = 3PFDRPLY6N;
				GENERATE_INFOPLIST_FILE = YES;
				MARKETING_VERSION = 1.0;
				PRODUCT_BUNDLE_IDENTIFIER = "com.jeejung22.Caravan-v2UITests";
				PRODUCT_NAME = "$(TARGET_NAME)";
				SWIFT_EMIT_LOC_STRINGS = NO;
				SWIFT_VERSION = 5.0;
				TARGETED_DEVICE_FAMILY = "1,2";
				TEST_TARGET_NAME = Caravan_v2;
			};
			name = Release;
		};
/* End XCBuildConfiguration section */

/* Begin XCConfigurationList section */
		B91CD91828244C8300230F99 /* Build configuration list for PBXProject "Caravan_v2" */ = {
			isa = XCConfigurationList;
			buildConfigurations = (
				B91CD93F28244C8400230F99 /* Debug */,
				B91CD94028244C8400230F99 /* Release */,
			);
			defaultConfigurationIsVisible = 0;
			defaultConfigurationName = Release;
		};
		B91CD94128244C8400230F99 /* Build configuration list for PBXNativeTarget "Caravan_v2" */ = {
			isa = XCConfigurationList;
			buildConfigurations = (
				B91CD94228244C8400230F99 /* Debug */,
				B91CD94328244C8400230F99 /* Release */,
			);
			defaultConfigurationIsVisible = 0;
			defaultConfigurationName = Release;
		};
		B91CD94428244C8400230F99 /* Build configuration list for PBXNativeTarget "Caravan_v2Tests" */ = {
			isa = XCConfigurationList;
			buildConfigurations = (
				B91CD94528244C8400230F99 /* Debug */,
				B91CD94628244C8400230F99 /* Release */,
			);
			defaultConfigurationIsVisible = 0;
			defaultConfigurationName = Release;
		};
		B91CD94728244C8400230F99 /* Build configuration list for PBXNativeTarget "Caravan_v2UITests" */ = {
			isa = XCConfigurationList;
			buildConfigurations = (
				B91CD94828244C8400230F99 /* Debug */,
				B91CD94928244C8400230F99 /* Release */,
			);
			defaultConfigurationIsVisible = 0;
			defaultConfigurationName = Release;
		};
/* End XCConfigurationList section */
	};
	rootObject = B91CD91528244C8300230F99 /* Project object */;
}
